<Solution>
  <Folder Name="/Solution Items/">
    <File Path="global.json" />
    <File Path="README.md" />
  </Folder>
  <Folder Name="/src/">
    <Project Path="docker-compose.dcproj">
      <Build />
    </Project>
    <Project Path="Enrollment.ChatHub.Flow/Enrollment.ChatHub.Flow.csproj" />
    <Project Path="LogicBuilder.Samples.Enrollment.ChatHub/LogicBuilder.Samples.Enrollment.ChatHub.csproj" />
  </Folder>
  <Folder Name="/test/">
    <Project Path="Enrollment.ChatHub.Flow.Test/Enrollment.ChatHub.Flow.Test.csproj" />
    <Project Path="LogicBuilder.Samples.Enrollment.ChatHub.Test/LogicBuilder.Samples.Enrollment.ChatHub.Test.csproj" />
  </Folder>
</Solution>
